
Microsoft Visual Studio Solution File, Format Version 12.00
# Visual Studio Version 17
VisualStudioVersion = 17.14.36408.4 d17.14
MinimumVisualStudioVersion = 10.0.40219.1
Project("{FAE04EC0-301F-11D3-BF4B-00C04F79EFBC}") = "Orders.Backend", "Orders.Backend\Orders.Backend.csproj", "{21865D25-5FD8-4F5B-B871-FF1118E7C627}"
EndProject
Project("{FAE04EC0-301F-11D3-BF4B-00C04F79EFBC}") = "Orders.Shared", "Orders.Shared\Orders.Shared.csproj", "{44B0046C-89C1-474E-8610-477A9205BBC4}"
EndProject
Project("{FAE04EC0-301F-11D3-BF4B-00C04F79EFBC}") = "Orders.Frontend", "Orders.Frontend\Orders.Frontend.csproj", "{FE33B5D1-D6BE-F5C5-0E57-09A39A7B0FEF}"
EndProject
Global
	GlobalSection(SolutionConfigurationPlatforms) = preSolution
		Debug|Any CPU = Debug|Any CPU
		Release|Any CPU = Release|Any CPU
	EndGlobalSection
	GlobalSection(ProjectConfigurationPlatforms) = postSolution
		{21865D25-5FD8-4F5B-B871-FF1118E7C627}.Debug|Any CPU.ActiveCfg = Debug|Any CPU
		{21865D25-5FD8-4F5B-B871-FF1118E7C627}.Debug|Any CPU.Build.0 = Debug|Any CPU
		{21865D25-5FD8-4F5B-B871-FF1118E7C627}.Release|Any CPU.ActiveCfg = Release|Any CPU
		{21865D25-5FD8-4F5B-B871-FF1118E7C627}.Release|Any CPU.Build.0 = Release|Any CPU
		{44B0046C-89C1-474E-8610-477A9205BBC4}.Debug|Any CPU.ActiveCfg = Debug|Any CPU
		{44B0046C-89C1-474E-8610-477A9205BBC4}.Debug|Any CPU.Build.0 = Debug|Any CPU
		{44B0046C-89C1-474E-8610-477A9205BBC4}.Release|Any CPU.ActiveCfg = Release|Any CPU
		{44B0046C-89C1-474E-8610-477A9205BBC4}.Release|Any CPU.Build.0 = Release|Any CPU
		{FE33B5D1-D6BE-F5C5-0E57-09A39A7B0FEF}.Debug|Any CPU.ActiveCfg = Debug|Any CPU
		{FE33B5D1-D6BE-F5C5-0E57-09A39A7B0FEF}.Debug|Any CPU.Build.0 = Debug|Any CPU
		{FE33B5D1-D6BE-F5C5-0E57-09A39A7B0FEF}.Release|Any CPU.ActiveCfg = Release|Any CPU
		{FE33B5D1-D6BE-F5C5-0E57-09A39A7B0FEF}.Release|Any CPU.Build.0 = Release|Any CPU
	EndGlobalSection
	GlobalSection(SolutionProperties) = preSolution
		HideSolutionNode = FALSE
	EndGlobalSection
	GlobalSection(ExtensibilityGlobals) = postSolution
		SolutionGuid = {F7ECFCED-29A9-451C-85AB-38D20B60DC32}
	EndGlobalSection
EndGlobal
